
Microsoft Visual Studio Solution File, Format Version 12.00
# Visual Studio Version 17
VisualStudioVersion = 17.8.34525.116
MinimumVisualStudioVersion = 10.0.40219.1
Project("{9A19103F-16F7-4668-BE54-9A1E7A4F7556}") = "lab3", "lab3.csproj", "{7A5F0EC5-FD54-49DF-A8FE-BC4B0D6E4AC5}"
EndProject
Project("{9A19103F-16F7-4668-BE54-9A1E7A4F7556}") = "lab3.Desktop", "..\lab3.Desktop\lab3.Desktop.csproj", "{0D67344B-AA36-4FF9-BDF0-7BCEDA8071EE}"
EndProject
Global
	GlobalSection(SolutionConfigurationPlatforms) = preSolution
		Debug|Any CPU = Debug|Any CPU
		Release|Any CPU = Release|Any CPU
	EndGlobalSection
	GlobalSection(ProjectConfigurationPlatforms) = postSolution
		{7A5F0EC5-FD54-49DF-A8FE-BC4B0D6E4AC5}.Debug|Any CPU.ActiveCfg = Debug|Any CPU
		{7A5F0EC5-FD54-49DF-A8FE-BC4B0D6E4AC5}.Debug|Any CPU.Build.0 = Debug|Any CPU
		{7A5F0EC5-FD54-49DF-A8FE-BC4B0D6E4AC5}.Release|Any CPU.ActiveCfg = Release|Any CPU
		{7A5F0EC5-FD54-49DF-A8FE-BC4B0D6E4AC5}.Release|Any CPU.Build.0 = Release|Any CPU
		{0D67344B-AA36-4FF9-BDF0-7BCEDA8071EE}.Debug|Any CPU.ActiveCfg = Debug|Any CPU
		{0D67344B-AA36-4FF9-BDF0-7BCEDA8071EE}.Debug|Any CPU.Build.0 = Debug|Any CPU
		{0D67344B-AA36-4FF9-BDF0-7BCEDA8071EE}.Release|Any CPU.ActiveCfg = Release|Any CPU
		{0D67344B-AA36-4FF9-BDF0-7BCEDA8071EE}.Release|Any CPU.Build.0 = Release|Any CPU
	EndGlobalSection
	GlobalSection(SolutionProperties) = preSolution
		HideSolutionNode = FALSE
	EndGlobalSection
	GlobalSection(ExtensibilityGlobals) = postSolution
		SolutionGuid = {92BA8EA2-4C4A-43E3-87D9-FF1A18B58FCD}
	EndGlobalSection
EndGlobal
